{
  "version": "4",
  "specifiers": {
    "jsr:@std/assert@1": "1.0.6",
    "jsr:@std/internal@^1.0.4": "1.0.4",
    "npm:@types/node@*": "22.5.4",
    "npm:graphology-layout-force@*": "0.2.4_graphology-types@0.24.7",
    "npm:graphology-layout@*": "0.6.1_graphology-types@0.24.7",
    "npm:graphology@*": "0.25.4_graphology-types@0.24.7",
    "npm:pretty-data@*": "0.40.0",
    "npm:sigma@*": "3.0.0-beta.33",
    "npm:xmlbuilder2@*": "3.1.1"
  },
  "jsr": {
    "@std/assert@1.0.6": {
      "integrity": "1904c05806a25d94fe791d6d883b685c9e2dcd60e4f9fc30f4fc5cf010c72207",
      "dependencies": [
        "jsr:@std/internal"
      ]
    },
    "@std/internal@1.0.4": {
      "integrity": "62e8e4911527e5e4f307741a795c0b0a9e6958d0b3790716ae71ce085f755422"
    }
  },
  "npm": {
    "@oozcitak/dom@1.15.10": {
      "integrity": "sha512-0JT29/LaxVgRcGKvHmSrUTEvZ8BXvZhGl2LASRUgHqDTC1M5g1pLmVv56IYNyt3bG2CUjDkc67wnyZC14pbQrQ==",
      "dependencies": [
        "@oozcitak/infra",
        "@oozcitak/url",
        "@oozcitak/util"
      ]
    },
    "@oozcitak/infra@1.0.8": {
      "integrity": "sha512-JRAUc9VR6IGHOL7OGF+yrvs0LO8SlqGnPAMqyzOuFZPSZSXI7Xf2O9+awQPSMXgIWGtgUf/dA6Hs6X6ySEaWTg==",
      "dependencies": [
        "@oozcitak/util"
      ]
    },
    "@oozcitak/url@1.0.4": {
      "integrity": "sha512-kDcD8y+y3FCSOvnBI6HJgl00viO/nGbQoCINmQ0h98OhnGITrWR3bOGfwYCthgcrV8AnTJz8MzslTQbC3SOAmw==",
      "dependencies": [
        "@oozcitak/infra",
        "@oozcitak/util"
      ]
    },
    "@oozcitak/util@8.3.8": {
      "integrity": "sha512-T8TbSnGsxo6TDBJx/Sgv/BlVJL3tshxZP7Aq5R1mSnM5OcHY2dQaxLMu2+E8u3gN0MLOzdjurqN4ZRVuzQycOQ=="
    },
    "@types/node@22.5.4": {
      "integrity": "sha512-FDuKUJQm/ju9fT/SeX/6+gBzoPzlVCzfzmGkwKvRHQVxi4BntVbyIwf6a4Xn62mrvndLiml6z/UBXIdEVjQLXg==",
      "dependencies": [
        "undici-types"
      ]
    },
    "argparse@1.0.10": {
      "integrity": "sha512-o5Roy6tNG4SL/FOkCAN6RzjiakZS25RLYFrcMttJqbdd8BWrnA+fGz57iN5Pb06pvBGvl5gQ0B48dJlslXvoTg==",
      "dependencies": [
        "sprintf-js"
      ]
    },
    "esprima@4.0.1": {
      "integrity": "sha512-eGuFFw7Upda+g4p+QHvnW0RyTX/SVeJBDM/gCtMARO0cLuT2HcEKnTPvhjV6aGeqrCB/sbNop0Kszm0jsaWU4A=="
    },
    "events@3.3.0": {
      "integrity": "sha512-mQw+2fkQbALzQ7V0MY0IqdnXNOeTtP4r0lN9z7AAawCXgqea7bDii20AYrIBrFd/Hx0M2Ocz6S111CaFkUcb0Q=="
    },
    "graphology-layout-force@0.2.4_graphology-types@0.24.7": {
      "integrity": "sha512-NYZz0YAnDkn5pkm30cvB0IScFoWGtbzJMrqaiH070dYlYJiag12Oc89dbVfaMaVR/w8DMIKxn/ix9Bqj+Umm9Q==",
      "dependencies": [
        "graphology-types",
        "graphology-utils"
      ]
    },
    "graphology-layout@0.6.1_graphology-types@0.24.7": {
      "integrity": "sha512-m9aMvbd0uDPffUCFPng5ibRkb2pmfNvdKjQWeZrf71RS1aOoat5874+DcyNfMeCT4aQguKC7Lj9eCbqZj/h8Ag==",
      "dependencies": [
        "graphology-types",
        "graphology-utils",
        "pandemonium"
      ]
    },
    "graphology-types@0.24.7": {
      "integrity": "sha512-tdcqOOpwArNjEr0gNQKCXwaNCWnQJrog14nJNQPeemcLnXQUUGrsCWpWkVKt46zLjcS6/KGoayeJfHHyPDlvwA=="
    },
    "graphology-utils@2.5.2_graphology-types@0.24.7": {
      "integrity": "sha512-ckHg8MXrXJkOARk56ZaSCM1g1Wihe2d6iTmz1enGOz4W/l831MBCKSayeFQfowgF8wd+PQ4rlch/56Vs/VZLDQ==",
      "dependencies": [
        "graphology-types"
      ]
    },
    "graphology@0.25.4_graphology-types@0.24.7": {
      "integrity": "sha512-33g0Ol9nkWdD6ulw687viS8YJQBxqG5LWII6FI6nul0pq6iM2t5EKquOTFDbyTblRB3O9I+7KX4xI8u5ffekAQ==",
      "dependencies": [
        "events",
        "graphology-types",
        "obliterator"
      ]
    },
    "js-yaml@3.14.1": {
      "integrity": "sha512-okMH7OXXJ7YrN9Ok3/SXrnu4iX9yOk+25nqX4imS2npuvTYDmo/QEZoqwZkYaIDk3jVvBOTOIEgEhaLOynBS9g==",
      "dependencies": [
        "argparse",
        "esprima"
      ]
    },
    "mnemonist@0.39.8": {
      "integrity": "sha512-vyWo2K3fjrUw8YeeZ1zF0fy6Mu59RHokURlld8ymdUPjMlD9EC9ov1/YPqTgqRvUN9nTr3Gqfz29LYAmu0PHPQ==",
      "dependencies": [
        "obliterator"
      ]
    },
    "obliterator@2.0.4": {
      "integrity": "sha512-lgHwxlxV1qIg1Eap7LgIeoBWIMFibOjbrYPIPJZcI1mmGAI2m3lNYpK12Y+GBdPQ0U1hRwSord7GIaawz962qQ=="
    },
    "pandemonium@2.4.1": {
      "integrity": "sha512-wRqjisUyiUfXowgm7MFH2rwJzKIr20rca5FsHXCMNm1W5YPP1hCtrZfgmQ62kP7OZ7Xt+cR858aB28lu5NX55g==",
      "dependencies": [
        "mnemonist"
      ]
    },
    "pretty-data@0.40.0": {
      "integrity": "sha512-YFLnEdDEDnkt/GEhet5CYZHCvALw6+Elyb/tp8kQG03ZSIuzeaDWpZYndCXwgqu4NAjh1PI534dhDS1mHarRnQ=="
    },
    "sigma@3.0.0-beta.33": {
      "integrity": "sha512-a7ApWAoUg5/ADU3aiQFQSUcab9JHyI5v5A6CKlCyfLj+bTEqJH2Frx5Jo4jSTi9v25bfsa8sP8Gftp0eecKqIw==",
      "dependencies": [
        "events",
        "graphology-utils"
      ]
    },
    "sprintf-js@1.0.3": {
      "integrity": "sha512-D9cPgkvLlV3t3IzL0D0YLvGA9Ahk4PcvVwUbN0dSGr1aP0Nrt4AEnTUbuGvquEC0mA64Gqt1fzirlRs5ibXx8g=="
    },
    "undici-types@6.19.8": {
      "integrity": "sha512-ve2KP6f/JnbPBFyobGHuerC9g1FYGn/F8n1LWTwNxCEzd6IfqTwUQcNXgEtmmQ6DlRrC1hrSrBnCZPokRrDHjw=="
    },
    "xmlbuilder2@3.1.1": {
      "integrity": "sha512-WCSfbfZnQDdLQLiMdGUQpMxxckeQ4oZNMNhLVkcekTu7xhD4tuUDyAPoY8CwXvBYE6LwBHd6QW2WZXlOWr1vCw==",
      "dependencies": [
        "@oozcitak/dom",
        "@oozcitak/infra",
        "@oozcitak/util",
        "js-yaml"
      ]
    }
  },
  "workspace": {
    "dependencies": [
      "jsr:@std/assert@1"
    ]
  }
}
